// !$*UTF8*$!
{
	archiveVersion = 1;
	classes = {
	};
	objectVersion = 46;
	objects = {

/* Begin PBXBuildFile section */
		F95393DB191E229B00874BA6 /* Foundation.framework in Frameworks */ = {isa = PBXBuildFile; fileRef = F95393DA191E229B00874BA6 /* Foundation.framework */; };
		F95393DD191E229B00874BA6 /* CoreGraphics.framework in Frameworks */ = {isa = PBXBuildFile; fileRef = F95393DC191E229B00874BA6 /* CoreGraphics.framework */; };
		F95393DF191E229B00874BA6 /* UIKit.framework in Frameworks */ = {isa = PBXBuildFile; fileRef = F95393DE191E229B00874BA6 /* UIKit.framework */; };
		F95393E5191E229B00874BA6 /* InfoPlist.strings in Resources */ = {isa = PBXBuildFile; fileRef = F95393E3191E229B00874BA6 /* InfoPlist.strings */; };
		F95393E7191E229B00874BA6 /* main.m in Sources */ = {isa = PBXBuildFile; fileRef = F95393E6191E229B00874BA6 /* main.m */; };
		F95393EB191E229B00874BA6 /* AppDelegate.m in Sources */ = {isa = PBXBuildFile; fileRef = F95393EA191E229B00874BA6 /* AppDelegate.m */; };
		F95393EE191E229B00874BA6 /* Main.storyboard in Resources */ = {isa = PBXBuildFile; fileRef = F95393EC191E229B00874BA6 /* Main.storyboard */; };
		F95393F1191E229B00874BA6 /* ViewController.m in Sources */ = {isa = PBXBuildFile; fileRef = F95393F0191E229B00874BA6 /* ViewController.m */; };
		F95393F3191E229B00874BA6 /* Images.xcassets in Resources */ = {isa = PBXBuildFile; fileRef = F95393F2191E229B00874BA6 /* Images.xcassets */; };
/* End PBXBuildFile section */

/* Begin PBXFileReference section */
		F95393D7191E229B00874BA6 /* MYRTextViewDemo.app */ = {isa = PBXFileReference; explicitFileType = wrapper.application; includeInIndex = 0; path = MYRTextViewDemo.app; sourceTree = BUILT_PRODUCTS_DIR; };
		F95393DA191E229B00874BA6 /* Foundation.framework */ = {isa = PBXFileReference; lastKnownFileType = wrapper.framework; name = Foundation.framework; path = System/Library/Frameworks/Foundation.framework; sourceTree = SDKROOT; };
		F95393DC191E229B00874BA6 /* CoreGraphics.framework */ = {isa = PBXFileReference; lastKnownFileType = wrapper.framework; name = CoreGraphics.framework; path = System/Library/Frameworks/CoreGraphics.framework; sourceTree = SDKROOT; };
		F95393DE191E229B00874BA6 /* UIKit.framework */ = {isa = PBXFileReference; lastKnownFileType = wrapper.framework; name = UIKit.framework; path = System/Library/Frameworks/UIKit.framework; sourceTree = SDKROOT; };
		F95393E2191E229B00874BA6 /* MYRTextViewDemo-Info.plist */ = {isa = PBXFileReference; lastKnownFileType = text.plist.xml; path = "MYRTextViewDemo-Info.plist"; sourceTree = "<group>"; };
		F95393E4191E229B00874BA6 /* en */ = {isa = PBXFileReference; lastKnownFileType = text.plist.strings; name = en; path = en.lproj/InfoPlist.strings; sourceTree = "<group>"; };
		F95393E6191E229B00874BA6 /* main.m */ = {isa = PBXFileReference; lastKnownFileType = sourcecode.c.objc; path = main.m; sourceTree = "<group>"; };
		F95393E8191E229B00874BA6 /* MYRTextViewDemo-Prefix.pch */ = {isa = PBXFileReference; lastKnownFileType = sourcecode.c.h; path = "MYRTextViewDemo-Prefix.pch"; sourceTree = "<group>"; };
		F95393E9191E229B00874BA6 /* AppDelegate.h */ = {isa = PBXFileReference; lastKnownFileType = sourcecode.c.h; path = AppDelegate.h; sourceTree = "<group>"; };
		F95393EA191E229B00874BA6 /* AppDelegate.m */ = {isa = PBXFileReference; lastKnownFileType = sourcecode.c.objc; path = AppDelegate.m; sourceTree = "<group>"; };
		F95393ED191E229B00874BA6 /* Base */ = {isa = PBXFileReference; lastKnownFileType = file.storyboard; name = Base; path = Base.lproj/Main.storyboard; sourceTree = "<group>"; };
		F95393EF191E229B00874BA6 /* ViewController.h */ = {isa = PBXFileReference; lastKnownFileType = sourcecode.c.h; path = ViewController.h; sourceTree = "<group>"; };
		F95393F0191E229B00874BA6 /* ViewController.m */ = {isa = PBXFileReference; lastKnownFileType = sourcecode.c.objc; path = ViewController.m; sourceTree = "<group>"; };
		F95393F2191E229B00874BA6 /* Images.xcassets */ = {isa = PBXFileReference; lastKnownFileType = folder.assetcatalog; path = Images.xcassets; sourceTree = "<group>"; };
/* End PBXFileReference section */

/* Begin PBXFrameworksBuildPhase section */
		F95393D4191E229B00874BA6 /* Frameworks */ = {
			isa = PBXFrameworksBuildPhase;
			buildActionMask = 2147483647;
			files = (
				F95393DD191E229B00874BA6 /* CoreGraphics.framework in Frameworks */,
				F95393DF191E229B00874BA6 /* UIKit.framework in Frameworks */,
				F95393DB191E229B00874BA6 /* Foundation.framework in Frameworks */,
			);
			runOnlyForDeploymentPostprocessing = 0;
		};
/* End PBXFrameworksBuildPhase section */

/* Begin PBXGroup section */
		F95393CE191E229B00874BA6 = {
			isa = PBXGroup;
			children = (
				F95393E0191E229B00874BA6 /* MYRTextViewDemo */,
				F95393D9191E229B00874BA6 /* Frameworks */,
				F95393D8191E229B00874BA6 /* Products */,
			);
			sourceTree = "<group>";
		};
		F95393D8191E229B00874BA6 /* Products */ = {
			isa = PBXGroup;
			children = (
				F95393D7191E229B00874BA6 /* MYRTextViewDemo.app */,
			);
			name = Products;
			sourceTree = "<group>";
		};
		F95393D9191E229B00874BA6 /* Frameworks */ = {
			isa = PBXGroup;
			children = (
				F95393DA191E229B00874BA6 /* Foundation.framework */,
				F95393DC191E229B00874BA6 /* CoreGraphics.framework */,
				F95393DE191E229B00874BA6 /* UIKit.framework */,
			);
			name = Frameworks;
			sourceTree = "<group>";
		};
		F95393E0191E229B00874BA6 /* MYRTextViewDemo */ = {
			isa = PBXGroup;
			children = (
				F95393E9191E229B00874BA6 /* AppDelegate.h */,
				F95393EA191E229B00874BA6 /* AppDelegate.m */,
				F95393EC191E229B00874BA6 /* Main.storyboard */,
				F95393EF191E229B00874BA6 /* ViewController.h */,
				F95393F0191E229B00874BA6 /* ViewController.m */,
				F95393F2191E229B00874BA6 /* Images.xcassets */,
				F95393E1191E229B00874BA6 /* Supporting Files */,
			);
			path = MYRTextViewDemo;
			sourceTree = "<group>";
		};
		F95393E1191E229B00874BA6 /* Supporting Files */ = {
			isa = PBXGroup;
			children = (
				F95393E2191E229B00874BA6 /* MYRTextViewDemo-Info.plist */,
				F95393E3191E229B00874BA6 /* InfoPlist.strings */,
				F95393E6191E229B00874BA6 /* main.m */,
				F95393E8191E229B00874BA6 /* MYRTextViewDemo-Prefix.pch */,
			);
			name = "Supporting Files";
			sourceTree = "<group>";
		};
/* End PBXGroup section */

/* Begin PBXNativeTarget section */
		F95393D6191E229B00874BA6 /* MYRTextViewDemo */ = {
			isa = PBXNativeTarget;
			buildConfigurationList = F9539409191E229B00874BA6 /* Build configuration list for PBXNativeTarget "MYRTextViewDemo" */;
			buildPhases = (
				F95393D3191E229B00874BA6 /* Sources */,
				F95393D4191E229B00874BA6 /* Frameworks */,
				F95393D5191E229B00874BA6 /* Resources */,
			);
			buildRules = (
			);
			dependencies = (
			);
			name = MYRTextViewDemo;
			productName = MYRTextViewDemo;
			productReference = F95393D7191E229B00874BA6 /* MYRTextViewDemo.app */;
			productType = "com.apple.product-type.application";
		};
/* End PBXNativeTarget section */

/* Begin PBXProject section */
		F95393CF191E229B00874BA6 /* Project object */ = {
			isa = PBXProject;
			attributes = {
				LastUpgradeCheck = 0510;
				ORGANIZATIONNAME = "Okada Haruki";
			};
			buildConfigurationList = F95393D2191E229B00874BA6 /* Build configuration list for PBXProject "MYRTextViewDemo" */;
			compatibilityVersion = "Xcode 3.2";
			developmentRegion = English;
			hasScannedForEncodings = 0;
			knownRegions = (
				en,
				Base,
			);
			mainGroup = F95393CE191E229B00874BA6;
			productRefGroup = F95393D8191E229B00874BA6 /* Products */;
			projectDirPath = "";
			projectRoot = "";
			targets = (
				F95393D6191E229B00874BA6 /* MYRTextViewDemo */,
			);
		};
/* End PBXProject section */

/* Begin PBXResourcesBuildPhase section */
		F95393D5191E229B00874BA6 /* Resources */ = {
			isa = PBXResourcesBuildPhase;
			buildActionMask = 2147483647;
			files = (
				F95393F3191E229B00874BA6 /* Images.xcassets in Resources */,
				F95393E5191E229B00874BA6 /* InfoPlist.strings in Resources */,
				F95393EE191E229B00874BA6 /* Main.storyboard in Resources */,
			);
			runOnlyForDeploymentPostprocessing = 0;
		};
/* End PBXResourcesBuildPhase section */

/* Begin PBXSourcesBuildPhase section */
		F95393D3191E229B00874BA6 /* Sources */ = {
			isa = PBXSourcesBuildPhase;
			buildActionMask = 2147483647;
			files = (
				F95393F1191E229B00874BA6 /* ViewController.m in Sources */,
				F95393EB191E229B00874BA6 /* AppDelegate.m in Sources */,
				F95393E7191E229B00874BA6 /* main.m in Sources */,
			);
			runOnlyForDeploymentPostprocessing = 0;
		};
/* End PBXSourcesBuildPhase section */

/* Begin PBXVariantGroup section */
		F95393E3191E229B00874BA6 /* InfoPlist.strings */ = {
			isa = PBXVariantGroup;
			children = (
				F95393E4191E229B00874BA6 /* en */,
			);
			name = InfoPlist.strings;
			sourceTree = "<group>";
		};
		F95393EC191E229B00874BA6 /* Main.storyboard */ = {
			isa = PBXVariantGroup;
			children = (
				F95393ED191E229B00874BA6 /* Base */,
			);
			name = Main.storyboard;
			sourceTree = "<group>";
		};
/* End PBXVariantGroup section */

/* Begin XCBuildConfiguration section */
		F9539407191E229B00874BA6 /* Debug */ = {
			isa = XCBuildConfiguration;
			buildSettings = {
				ALWAYS_SEARCH_USER_PATHS = NO;
				CLANG_CXX_LANGUAGE_STANDARD = "gnu++0x";
				CLANG_CXX_LIBRARY = "libc++";
				CLANG_ENABLE_MODULES = YES;
				CLANG_ENABLE_OBJC_ARC = YES;
				CLANG_WARN_BOOL_CONVERSION = YES;
				CLANG_WARN_CONSTANT_CONVERSION = YES;
				CLANG_WARN_DIRECT_OBJC_ISA_USAGE = YES_ERROR;
				CLANG_WARN_EMPTY_BODY = YES;
				CLANG_WARN_ENUM_CONVERSION = YES;
				CLANG_WARN_INT_CONVERSION = YES;
				CLANG_WARN_OBJC_ROOT_CLASS = YES_ERROR;
				CLANG_WARN__DUPLICATE_METHOD_MATCH = YES;
				"CODE_SIGN_IDENTITY[sdk=iphoneos*]" = "iPhone Developer";
				COPY_PHASE_STRIP = NO;
				GCC_C_LANGUAGE_STANDARD = gnu99;
				GCC_DYNAMIC_NO_PIC = NO;
				GCC_OPTIMIZATION_LEVEL = 0;
				GCC_PREPROCESSOR_DEFINITIONS = (
					"DEBUG=1",
					"$(inherited)",
				);
				GCC_SYMBOLS_PRIVATE_EXTERN = NO;
				GCC_WARN_64_TO_32_BIT_CONVERSION = YES;
				GCC_WARN_ABOUT_RETURN_TYPE = YES_ERROR;
				GCC_WARN_UNDECLARED_SELECTOR = YES;
				GCC_WARN_UNINITIALIZED_AUTOS = YES_AGGRESSIVE;
				GCC_WARN_UNUSED_FUNCTION = YES;
				GCC_WARN_UNUSED_VARIABLE = YES;
				IPHONEOS_DEPLOYMENT_TARGET = 6.0;
				ONLY_ACTIVE_ARCH = YES;
				SDKROOT = iphoneos;
			};
			name = Debug;
		};
		F9539408191E229B00874BA6 /* Release */ = {
			isa = XCBuildConfiguration;
			buildSettings = {
				ALWAYS_SEARCH_USER_PATHS = NO;
				CLANG_CXX_LANGUAGE_STANDARD = "gnu++0x";
				CLANG_CXX_LIBRARY = "libc++";
				CLANG_ENABLE_MODULES = YES;
				CLANG_ENABLE_OBJC_ARC = YES;
				CLANG_WARN_BOOL_CONVERSION = YES;
				CLANG_WARN_CONSTANT_CONVERSION = YES;
				CLANG_WARN_DIRECT_OBJC_ISA_USAGE = YES_ERROR;
				CLANG_WARN_EMPTY_BODY = YES;
				CLANG_WARN_ENUM_CONVERSION = YES;
				CLANG_WARN_INT_CONVERSION = YES;
				CLANG_WARN_OBJC_ROOT_CLASS = YES_ERROR;
				CLANG_WARN__DUPLICATE_METHOD_MATCH = YES;
				"CODE_SIGN_IDENTITY[sdk=iphoneos*]" = "iPhone Developer";
				COPY_PHASE_STRIP = YES;
				ENABLE_NS_ASSERTIONS = NO;
				GCC_C_LANGUAGE_STANDARD = gnu99;
				GCC_WARN_64_TO_32_BIT_CONVERSION = YES;
				GCC_WARN_ABOUT_RETURN_TYPE = YES_ERROR;
				GCC_WARN_UNDECLARED_SELECTOR = YES;
				GCC_WARN_UNINITIALIZED_AUTOS = YES_AGGRESSIVE;
				GCC_WARN_UNUSED_FUNCTION = YES;
				GCC_WARN_UNUSED_VARIABLE = YES;
				IPHONEOS_DEPLOYMENT_TARGET = 6.0;
				SDKROOT = iphoneos;
				VALIDATE_PRODUCT = YES;
			};
			name = Release;
		};
		F953940A191E229B00874BA6 /* Debug */ = {
			isa = XCBuildConfiguration;
			buildSettings = {
				ASSETCATALOG_COMPILER_APPICON_NAME = AppIcon;
				ASSETCATALOG_COMPILER_LAUNCHIMAGE_NAME = LaunchImage;
				GCC_PRECOMPILE_PREFIX_HEADER = YES;
				GCC_PREFIX_HEADER = "MYRTextViewDemo/MYRTextViewDemo-Prefix.pch";
				INFOPLIST_FILE = "MYRTextViewDemo/MYRTextViewDemo-Info.plist";
				PRODUCT_NAME = "$(TARGET_NAME)";
				WRAPPER_EXTENSION = app;
			};
			name = Debug;
		};
		F953940B191E229B00874BA6 /* Release */ = {
			isa = XCBuildConfiguration;
			buildSettings = {
				ASSETCATALOG_COMPILER_APPICON_NAME = AppIcon;
				ASSETCATALOG_COMPILER_LAUNCHIMAGE_NAME = LaunchImage;
				GCC_PRECOMPILE_PREFIX_HEADER = YES;
				GCC_PREFIX_HEADER = "MYRTextViewDemo/MYRTextViewDemo-Prefix.pch";
				INFOPLIST_FILE = "MYRTextViewDemo/MYRTextViewDemo-Info.plist";
				PRODUCT_NAME = "$(TARGET_NAME)";
				WRAPPER_EXTENSION = app;
			};
			name = Release;
		};
/* End XCBuildConfiguration section */

/* Begin XCConfigurationList section */
		F95393D2191E229B00874BA6 /* Build configuration list for PBXProject "MYRTextViewDemo" */ = {
			isa = XCConfigurationList;
			buildConfigurations = (
				F9539407191E229B00874BA6 /* Debug */,
				F9539408191E229B00874BA6 /* Release */,
			);
			defaultConfigurationIsVisible = 0;
			defaultConfigurationName = Release;
		};
		F9539409191E229B00874BA6 /* Build configuration list for PBXNativeTarget "MYRTextViewDemo" */ = {
			isa = XCConfigurationList;
			buildConfigurations = (
				F953940A191E229B00874BA6 /* Debug */,
				F953940B191E229B00874BA6 /* Release */,
			);
			defaultConfigurationIsVisible = 0;
			defaultConfigurationName = Release;
		};
/* End XCConfigurationList section */
	};
	rootObject = F95393CF191E229B00874BA6 /* Project object */;
}
